
Microsoft Visual Studio Solution File, Format Version 12.00
# Visual Studio Version 16
VisualStudioVersion = 16.0.30114.105
MinimumVisualStudioVersion = 10.0.40219.1
Project("{FAE04EC0-301F-11D3-BF4B-00C04F79EFBC}") = "CSV-opening-and-manipulating", "CSV-opening-and-manipulating.csproj", "{705FE891-71C7-4501-BB2E-A5BD32145F9A}"
EndProject
Global
	GlobalSection(SolutionConfigurationPlatforms) = preSolution
		Debug|Any CPU = Debug|Any CPU
		Release|Any CPU = Release|Any CPU
	EndGlobalSection
	GlobalSection(ProjectConfigurationPlatforms) = postSolution
		{705FE891-71C7-4501-BB2E-A5BD32145F9A}.Debug|Any CPU.ActiveCfg = Debug|Any CPU
		{705FE891-71C7-4501-BB2E-A5BD32145F9A}.Debug|Any CPU.Build.0 = Debug|Any CPU
		{705FE891-71C7-4501-BB2E-A5BD32145F9A}.Release|Any CPU.ActiveCfg = Release|Any CPU
		{705FE891-71C7-4501-BB2E-A5BD32145F9A}.Release|Any CPU.Build.0 = Release|Any CPU
	EndGlobalSection
	GlobalSection(SolutionProperties) = preSolution
		HideSolutionNode = FALSE
	EndGlobalSection
	GlobalSection(ExtensibilityGlobals) = postSolution
		SolutionGuid = {766E4EBF-DC70-4348-8F76-1AC33E4FE431}
	EndGlobalSection
EndGlobal
